
Microsoft Visual Studio Solution File, Format Version 12.00
# Visual Studio 15
VisualStudioVersion = 15.0.28307.329
MinimumVisualStudioVersion = 10.0.40219.1
Project("{FAE04EC0-301F-11D3-BF4B-00C04F79EFBC}") = "CustomSplash.Android", "CustomSplash\CustomSplash.Android\CustomSplash.Android.csproj", "{DEBB801C-24B6-4CDC-A92F-D8163D867552}"
EndProject
Project("{FAE04EC0-301F-11D3-BF4B-00C04F79EFBC}") = "CustomSplash.iOS", "CustomSplash\CustomSplash.iOS\CustomSplash.iOS.csproj", "{A9B6D83D-8AB0-4B41-9CD0-31920589C552}"
EndProject
Project("{FAE04EC0-301F-11D3-BF4B-00C04F79EFBC}") = "CustomSplash.UWP", "CustomSplash\CustomSplash.UWP\CustomSplash.UWP.csproj", "{34EC2FBE-37F1-4810-9E3A-18F22F8A9270}"
EndProject
Project("{FAE04EC0-301F-11D3-BF4B-00C04F79EFBC}") = "CustomSplash", "CustomSplash\CustomSplash\CustomSplash.csproj", "{916E7DBC-9282-4840-BD29-1C7A353DCC93}"
EndProject
Global
	GlobalSection(SolutionConfigurationPlatforms) = preSolution
		Ad-Hoc|Any CPU = Ad-Hoc|Any CPU
		Ad-Hoc|ARM = Ad-Hoc|ARM
		Ad-Hoc|iPhone = Ad-Hoc|iPhone
		Ad-Hoc|iPhoneSimulator = Ad-Hoc|iPhoneSimulator
		Ad-Hoc|x64 = Ad-Hoc|x64
		Ad-Hoc|x86 = Ad-Hoc|x86
		AppStore|Any CPU = AppStore|Any CPU
		AppStore|ARM = AppStore|ARM
		AppStore|iPhone = AppStore|iPhone
		AppStore|iPhoneSimulator = AppStore|iPhoneSimulator
		AppStore|x64 = AppStore|x64
		AppStore|x86 = AppStore|x86
		Debug|Any CPU = Debug|Any CPU
		Debug|ARM = Debug|ARM
		Debug|iPhone = Debug|iPhone
		Debug|iPhoneSimulator = Debug|iPhoneSimulator
		Debug|x64 = Debug|x64
		Debug|x86 = Debug|x86
		Release|Any CPU = Release|Any CPU
		Release|ARM = Release|ARM
		Release|iPhone = Release|iPhone
		Release|iPhoneSimulator = Release|iPhoneSimulator
		Release|x64 = Release|x64
		Release|x86 = Release|x86
	EndGlobalSection
	GlobalSection(ProjectConfigurationPlatforms) = postSolution
		{DEBB801C-24B6-4CDC-A92F-D8163D867552}.Ad-Hoc|Any CPU.ActiveCfg = Release|Any CPU
		{DEBB801C-24B6-4CDC-A92F-D8163D867552}.Ad-Hoc|Any CPU.Build.0 = Release|Any CPU
		{DEBB801C-24B6-4CDC-A92F-D8163D867552}.Ad-Hoc|Any CPU.Deploy.0 = Release|Any CPU
		{DEBB801C-24B6-4CDC-A92F-D8163D867552}.Ad-Hoc|ARM.ActiveCfg = Release|Any CPU
		{DEBB801C-24B6-4CDC-A92F-D8163D867552}.Ad-Hoc|ARM.Build.0 = Release|Any CPU
		{DEBB801C-24B6-4CDC-A92F-D8163D867552}.Ad-Hoc|ARM.Deploy.0 = Release|Any CPU
		{DEBB801C-24B6-4CDC-A92F-D8163D867552}.Ad-Hoc|iPhone.ActiveCfg = Release|Any CPU
		{DEBB801C-24B6-4CDC-A92F-D8163D867552}.Ad-Hoc|iPhone.Build.0 = Release|Any CPU
		{DEBB801C-24B6-4CDC-A92F-D8163D867552}.Ad-Hoc|iPhone.Deploy.0 = Release|Any CPU
		{DEBB801C-24B6-4CDC-A92F-D8163D867552}.Ad-Hoc|iPhoneSimulator.ActiveCfg = Release|Any CPU
		{DEBB801C-24B6-4CDC-A92F-D8163D867552}.Ad-Hoc|iPhoneSimulator.Build.0 = Release|Any CPU
		{DEBB801C-24B6-4CDC-A92F-D8163D867552}.Ad-Hoc|iPhoneSimulator.Deploy.0 = Release|Any CPU
		{DEBB801C-24B6-4CDC-A92F-D8163D867552}.Ad-Hoc|x64.ActiveCfg = Release|Any CPU
		{DEBB801C-24B6-4CDC-A92F-D8163D867552}.Ad-Hoc|x64.Build.0 = Release|Any CPU
		{DEBB801C-24B6-4CDC-A92F-D8163D867552}.Ad-Hoc|x64.Deploy.0 = Release|Any CPU
		{DEBB801C-24B6-4CDC-A92F-D8163D867552}.Ad-Hoc|x86.ActiveCfg = Release|Any CPU
		{DEBB801C-24B6-4CDC-A92F-D8163D867552}.Ad-Hoc|x86.Build.0 = Release|Any CPU
		{DEBB801C-24B6-4CDC-A92F-D8163D867552}.Ad-Hoc|x86.Deploy.0 = Release|Any CPU
		{DEBB801C-24B6-4CDC-A92F-D8163D867552}.AppStore|Any CPU.ActiveCfg = Release|Any CPU
		{DEBB801C-24B6-4CDC-A92F-D8163D867552}.AppStore|Any CPU.Build.0 = Release|Any CPU
		{DEBB801C-24B6-4CDC-A92F-D8163D867552}.AppStore|Any CPU.Deploy.0 = Release|Any CPU
		{DEBB801C-24B6-4CDC-A92F-D8163D867552}.AppStore|ARM.ActiveCfg = Release|Any CPU
		{DEBB801C-24B6-4CDC-A92F-D8163D867552}.AppStore|ARM.Build.0 = Release|Any CPU
		{DEBB801C-24B6-4CDC-A92F-D8163D867552}.AppStore|ARM.Deploy.0 = Release|Any CPU
		{DEBB801C-24B6-4CDC-A92F-D8163D867552}.AppStore|iPhone.ActiveCfg = Release|Any CPU
		{DEBB801C-24B6-4CDC-A92F-D8163D867552}.AppStore|iPhone.Build.0 = Release|Any CPU
		{DEBB801C-24B6-4CDC-A92F-D8163D867552}.AppStore|iPhone.Deploy.0 = Release|Any CPU
		{DEBB801C-24B6-4CDC-A92F-D8163D867552}.AppStore|iPhoneSimulator.ActiveCfg = Release|Any CPU
		{DEBB801C-24B6-4CDC-A92F-D8163D867552}.AppStore|iPhoneSimulator.Build.0 = Release|Any CPU
		{DEBB801C-24B6-4CDC-A92F-D8163D867552}.AppStore|iPhoneSimulator.Deploy.0 = Release|Any CPU
		{DEBB801C-24B6-4CDC-A92F-D8163D867552}.AppStore|x64.ActiveCfg = Release|Any CPU
		{DEBB801C-24B6-4CDC-A92F-D8163D867552}.AppStore|x64.Build.0 = Release|Any CPU
		{DEBB801C-24B6-4CDC-A92F-D8163D867552}.AppStore|x64.Deploy.0 = Release|Any CPU
		{DEBB801C-24B6-4CDC-A92F-D8163D867552}.AppStore|x86.ActiveCfg = Release|Any CPU
		{DEBB801C-24B6-4CDC-A92F-D8163D867552}.AppStore|x86.Build.0 = Release|Any CPU
		{DEBB801C-24B6-4CDC-A92F-D8163D867552}.AppStore|x86.Deploy.0 = Release|Any CPU
		{DEBB801C-24B6-4CDC-A92F-D8163D867552}.Debug|Any CPU.ActiveCfg = Debug|Any CPU
		{DEBB801C-24B6-4CDC-A92F-D8163D867552}.Debug|Any CPU.Build.0 = Debug|Any CPU
		{DEBB801C-24B6-4CDC-A92F-D8163D867552}.Debug|Any CPU.Deploy.0 = Debug|Any CPU
		{DEBB801C-24B6-4CDC-A92F-D8163D867552}.Debug|ARM.ActiveCfg = Debug|Any CPU
		{DEBB801C-24B6-4CDC-A92F-D8163D867552}.Debug|ARM.Build.0 = Debug|Any CPU
		{DEBB801C-24B6-4CDC-A92F-D8163D867552}.Debug|ARM.Deploy.0 = Debug|Any CPU
		{DEBB801C-24B6-4CDC-A92F-D8163D867552}.Debug|iPhone.ActiveCfg = Debug|Any CPU
		{DEBB801C-24B6-4CDC-A92F-D8163D867552}.Debug|iPhone.Build.0 = Debug|Any CPU
		{DEBB801C-24B6-4CDC-A92F-D8163D867552}.Debug|iPhone.Deploy.0 = Debug|Any CPU
		{DEBB801C-24B6-4CDC-A92F-D8163D867552}.Debug|iPhoneSimulator.ActiveCfg = Debug|Any CPU
		{DEBB801C-24B6-4CDC-A92F-D8163D867552}.Debug|iPhoneSimulator.Build.0 = Debug|Any CPU
		{DEBB801C-24B6-4CDC-A92F-D8163D867552}.Debug|iPhoneSimulator.Deploy.0 = Debug|Any CPU
		{DEBB801C-24B6-4CDC-A92F-D8163D867552}.Debug|x64.ActiveCfg = Debug|Any CPU
		{DEBB801C-24B6-4CDC-A92F-D8163D867552}.Debug|x64.Build.0 = Debug|Any CPU
		{DEBB801C-24B6-4CDC-A92F-D8163D867552}.Debug|x64.Deploy.0 = Debug|Any CPU
		{DEBB801C-24B6-4CDC-A92F-D8163D867552}.Debug|x86.ActiveCfg = Debug|Any CPU
		{DEBB801C-24B6-4CDC-A92F-D8163D867552}.Debug|x86.Build.0 = Debug|Any CPU
		{DEBB801C-24B6-4CDC-A92F-D8163D867552}.Debug|x86.Deploy.0 = Debug|Any CPU
		{DEBB801C-24B6-4CDC-A92F-D8163D867552}.Release|Any CPU.ActiveCfg = Release|Any CPU
		{DEBB801C-24B6-4CDC-A92F-D8163D867552}.Release|Any CPU.Build.0 = Release|Any CPU
		{DEBB801C-24B6-4CDC-A92F-D8163D867552}.Release|Any CPU.Deploy.0 = Release|Any CPU
		{DEBB801C-24B6-4CDC-A92F-D8163D867552}.Release|ARM.ActiveCfg = Release|Any CPU
		{DEBB801C-24B6-4CDC-A92F-D8163D867552}.Release|ARM.Build.0 = Release|Any CPU
		{DEBB801C-24B6-4CDC-A92F-D8163D867552}.Release|ARM.Deploy.0 = Release|Any CPU
		{DEBB801C-24B6-4CDC-A92F-D8163D867552}.Release|iPhone.ActiveCfg = Release|Any CPU
		{DEBB801C-24B6-4CDC-A92F-D8163D867552}.Release|iPhone.Build.0 = Release|Any CPU
		{DEBB801C-24B6-4CDC-A92F-D8163D867552}.Release|iPhone.Deploy.0 = Release|Any CPU
		{DEBB801C-24B6-4CDC-A92F-D8163D867552}.Release|iPhoneSimulator.ActiveCfg = Release|Any CPU
		{DEBB801C-24B6-4CDC-A92F-D8163D867552}.Release|iPhoneSimulator.Build.0 = Release|Any CPU
		{DEBB801C-24B6-4CDC-A92F-D8163D867552}.Release|iPhoneSimulator.Deploy.0 = Release|Any CPU
		{DEBB801C-24B6-4CDC-A92F-D8163D867552}.Release|x64.ActiveCfg = Release|Any CPU
		{DEBB801C-24B6-4CDC-A92F-D8163D867552}.Release|x64.Build.0 = Release|Any CPU
		{DEBB801C-24B6-4CDC-A92F-D8163D867552}.Release|x64.Deploy.0 = Release|Any CPU
		{DEBB801C-24B6-4CDC-A92F-D8163D867552}.Release|x86.ActiveCfg = Release|Any CPU
		{DEBB801C-24B6-4CDC-A92F-D8163D867552}.Release|x86.Build.0 = Release|Any CPU
		{DEBB801C-24B6-4CDC-A92F-D8163D867552}.Release|x86.Deploy.0 = Release|Any CPU
		{A9B6D83D-8AB0-4B41-9CD0-31920589C552}.Ad-Hoc|Any CPU.ActiveCfg = Ad-Hoc|iPhone
		{A9B6D83D-8AB0-4B41-9CD0-31920589C552}.Ad-Hoc|Any CPU.Build.0 = Ad-Hoc|iPhone
		{A9B6D83D-8AB0-4B41-9CD0-31920589C552}.Ad-Hoc|Any CPU.Deploy.0 = Ad-Hoc|iPhone
		{A9B6D83D-8AB0-4B41-9CD0-31920589C552}.Ad-Hoc|ARM.ActiveCfg = Ad-Hoc|iPhone
		{A9B6D83D-8AB0-4B41-9CD0-31920589C552}.Ad-Hoc|ARM.Build.0 = Ad-Hoc|iPhone
		{A9B6D83D-8AB0-4B41-9CD0-31920589C552}.Ad-Hoc|ARM.Deploy.0 = Ad-Hoc|iPhone
		{A9B6D83D-8AB0-4B41-9CD0-31920589C552}.Ad-Hoc|iPhone.ActiveCfg = Ad-Hoc|iPhone
		{A9B6D83D-8AB0-4B41-9CD0-31920589C552}.Ad-Hoc|iPhone.Build.0 = Ad-Hoc|iPhone
		{A9B6D83D-8AB0-4B41-9CD0-31920589C552}.Ad-Hoc|iPhone.Deploy.0 = Ad-Hoc|iPhone
		{A9B6D83D-8AB0-4B41-9CD0-31920589C552}.Ad-Hoc|iPhoneSimulator.ActiveCfg = Ad-Hoc|iPhoneSimulator
		{A9B6D83D-8AB0-4B41-9CD0-31920589C552}.Ad-Hoc|iPhoneSimulator.Build.0 = Ad-Hoc|iPhoneSimulator
		{A9B6D83D-8AB0-4B41-9CD0-31920589C552}.Ad-Hoc|iPhoneSimulator.Deploy.0 = Ad-Hoc|iPhoneSimulator
		{A9B6D83D-8AB0-4B41-9CD0-31920589C552}.Ad-Hoc|x64.ActiveCfg = Ad-Hoc|iPhone
		{A9B6D83D-8AB0-4B41-9CD0-31920589C552}.Ad-Hoc|x64.Build.0 = Ad-Hoc|iPhone
		{A9B6D83D-8AB0-4B41-9CD0-31920589C552}.Ad-Hoc|x64.Deploy.0 = Ad-Hoc|iPhone
		{A9B6D83D-8AB0-4B41-9CD0-31920589C552}.Ad-Hoc|x86.ActiveCfg = Ad-Hoc|iPhone
		{A9B6D83D-8AB0-4B41-9CD0-31920589C552}.Ad-Hoc|x86.Build.0 = Ad-Hoc|iPhone
		{A9B6D83D-8AB0-4B41-9CD0-31920589C552}.Ad-Hoc|x86.Deploy.0 = Ad-Hoc|iPhone
		{A9B6D83D-8AB0-4B41-9CD0-31920589C552}.AppStore|Any CPU.ActiveCfg = AppStore|iPhone
		{A9B6D83D-8AB0-4B41-9CD0-31920589C552}.AppStore|Any CPU.Build.0 = AppStore|iPhone
		{A9B6D83D-8AB0-4B41-9CD0-31920589C552}.AppStore|Any CPU.Deploy.0 = AppStore|iPhone
		{A9B6D83D-8AB0-4B41-9CD0-31920589C552}.AppStore|ARM.ActiveCfg = AppStore|iPhone
		{A9B6D83D-8AB0-4B41-9CD0-31920589C552}.AppStore|ARM.Build.0 = AppStore|iPhone
		{A9B6D83D-8AB0-4B41-9CD0-31920589C552}.AppStore|ARM.Deploy.0 = AppStore|iPhone
		{A9B6D83D-8AB0-4B41-9CD0-31920589C552}.AppStore|iPhone.ActiveCfg = AppStore|iPhone
		{A9B6D83D-8AB0-4B41-9CD0-31920589C552}.AppStore|iPhone.Build.0 = AppStore|iPhone
		{A9B6D83D-8AB0-4B41-9CD0-31920589C552}.AppStore|iPhone.Deploy.0 = AppStore|iPhone
		{A9B6D83D-8AB0-4B41-9CD0-31920589C552}.AppStore|iPhoneSimulator.ActiveCfg = AppStore|iPhoneSimulator
		{A9B6D83D-8AB0-4B41-9CD0-31920589C552}.AppStore|iPhoneSimulator.Build.0 = AppStore|iPhoneSimulator
		{A9B6D83D-8AB0-4B41-9CD0-31920589C552}.AppStore|iPhoneSimulator.Deploy.0 = AppStore|iPhoneSimulator
		{A9B6D83D-8AB0-4B41-9CD0-31920589C552}.AppStore|x64.ActiveCfg = AppStore|iPhone
		{A9B6D83D-8AB0-4B41-9CD0-31920589C552}.AppStore|x64.Build.0 = AppStore|iPhone
		{A9B6D83D-8AB0-4B41-9CD0-31920589C552}.AppStore|x64.Deploy.0 = AppStore|iPhone
		{A9B6D83D-8AB0-4B41-9CD0-31920589C552}.AppStore|x86.ActiveCfg = AppStore|iPhone
		{A9B6D83D-8AB0-4B41-9CD0-31920589C552}.AppStore|x86.Build.0 = AppStore|iPhone
		{A9B6D83D-8AB0-4B41-9CD0-31920589C552}.AppStore|x86.Deploy.0 = AppStore|iPhone
		{A9B6D83D-8AB0-4B41-9CD0-31920589C552}.Debug|Any CPU.ActiveCfg = Debug|iPhoneSimulator
		{A9B6D83D-8AB0-4B41-9CD0-31920589C552}.Debug|Any CPU.Build.0 = Debug|iPhoneSimulator
		{A9B6D83D-8AB0-4B41-9CD0-31920589C552}.Debug|Any CPU.Deploy.0 = Debug|iPhoneSimulator
		{A9B6D83D-8AB0-4B41-9CD0-31920589C552}.Debug|ARM.ActiveCfg = Debug|iPhone
		{A9B6D83D-8AB0-4B41-9CD0-31920589C552}.Debug|ARM.Build.0 = Debug|iPhone
		{A9B6D83D-8AB0-4B41-9CD0-31920589C552}.Debug|ARM.Deploy.0 = Debug|iPhone
		{A9B6D83D-8AB0-4B41-9CD0-31920589C552}.Debug|iPhone.ActiveCfg = Debug|iPhone
		{A9B6D83D-8AB0-4B41-9CD0-31920589C552}.Debug|iPhone.Build.0 = Debug|iPhone
		{A9B6D83D-8AB0-4B41-9CD0-31920589C552}.Debug|iPhone.Deploy.0 = Debug|iPhone
		{A9B6D83D-8AB0-4B41-9CD0-31920589C552}.Debug|iPhoneSimulator.ActiveCfg = Debug|iPhoneSimulator
		{A9B6D83D-8AB0-4B41-9CD0-31920589C552}.Debug|iPhoneSimulator.Build.0 = Debug|iPhoneSimulator
		{A9B6D83D-8AB0-4B41-9CD0-31920589C552}.Debug|iPhoneSimulator.Deploy.0 = Debug|iPhoneSimulator
		{A9B6D83D-8AB0-4B41-9CD0-31920589C552}.Debug|x64.ActiveCfg = Debug|iPhone
		{A9B6D83D-8AB0-4B41-9CD0-31920589C552}.Debug|x64.Build.0 = Debug|iPhone
		{A9B6D83D-8AB0-4B41-9CD0-31920589C552}.Debug|x64.Deploy.0 = Debug|iPhone
		{A9B6D83D-8AB0-4B41-9CD0-31920589C552}.Debug|x86.ActiveCfg = Debug|iPhone
		{A9B6D83D-8AB0-4B41-9CD0-31920589C552}.Debug|x86.Build.0 = Debug|iPhone
		{A9B6D83D-8AB0-4B41-9CD0-31920589C552}.Debug|x86.Deploy.0 = Debug|iPhone
		{A9B6D83D-8AB0-4B41-9CD0-31920589C552}.Release|Any CPU.ActiveCfg = Release|iPhone
		{A9B6D83D-8AB0-4B41-9CD0-31920589C552}.Release|Any CPU.Build.0 = Release|iPhone
		{A9B6D83D-8AB0-4B41-9CD0-31920589C552}.Release|Any CPU.Deploy.0 = Release|iPhone
		{A9B6D83D-8AB0-4B41-9CD0-31920589C552}.Release|ARM.ActiveCfg = Release|iPhone
		{A9B6D83D-8AB0-4B41-9CD0-31920589C552}.Release|ARM.Build.0 = Release|iPhone
		{A9B6D83D-8AB0-4B41-9CD0-31920589C552}.Release|ARM.Deploy.0 = Release|iPhone
		{A9B6D83D-8AB0-4B41-9CD0-31920589C552}.Release|iPhone.ActiveCfg = Release|iPhone
		{A9B6D83D-8AB0-4B41-9CD0-31920589C552}.Release|iPhone.Build.0 = Release|iPhone
		{A9B6D83D-8AB0-4B41-9CD0-31920589C552}.Release|iPhone.Deploy.0 = Release|iPhone
		{A9B6D83D-8AB0-4B41-9CD0-31920589C552}.Release|iPhoneSimulator.ActiveCfg = Release|iPhoneSimulator
		{A9B6D83D-8AB0-4B41-9CD0-31920589C552}.Release|iPhoneSimulator.Build.0 = Release|iPhoneSimulator
		{A9B6D83D-8AB0-4B41-9CD0-31920589C552}.Release|iPhoneSimulator.Deploy.0 = Release|iPhoneSimulator
		{A9B6D83D-8AB0-4B41-9CD0-31920589C552}.Release|x64.ActiveCfg = Release|iPhone
		{A9B6D83D-8AB0-4B41-9CD0-31920589C552}.Release|x64.Build.0 = Release|iPhone
		{A9B6D83D-8AB0-4B41-9CD0-31920589C552}.Release|x64.Deploy.0 = Release|iPhone
		{A9B6D83D-8AB0-4B41-9CD0-31920589C552}.Release|x86.ActiveCfg = Release|iPhone
		{A9B6D83D-8AB0-4B41-9CD0-31920589C552}.Release|x86.Build.0 = Release|iPhone
		{A9B6D83D-8AB0-4B41-9CD0-31920589C552}.Release|x86.Deploy.0 = Release|iPhone
		{34EC2FBE-37F1-4810-9E3A-18F22F8A9270}.Ad-Hoc|Any CPU.ActiveCfg = Release|x86
		{34EC2FBE-37F1-4810-9E3A-18F22F8A9270}.Ad-Hoc|Any CPU.Build.0 = Release|x86
		{34EC2FBE-37F1-4810-9E3A-18F22F8A9270}.Ad-Hoc|Any CPU.Deploy.0 = Release|x86
		{34EC2FBE-37F1-4810-9E3A-18F22F8A9270}.Ad-Hoc|ARM.ActiveCfg = Release|ARM
		{34EC2FBE-37F1-4810-9E3A-18F22F8A9270}.Ad-Hoc|ARM.Build.0 = Release|ARM
		{34EC2FBE-37F1-4810-9E3A-18F22F8A9270}.Ad-Hoc|ARM.Deploy.0 = Release|ARM
		{34EC2FBE-37F1-4810-9E3A-18F22F8A9270}.Ad-Hoc|iPhone.ActiveCfg = Release|x86
		{34EC2FBE-37F1-4810-9E3A-18F22F8A9270}.Ad-Hoc|iPhone.Build.0 = Release|x86
		{34EC2FBE-37F1-4810-9E3A-18F22F8A9270}.Ad-Hoc|iPhone.Deploy.0 = Release|x86
		{34EC2FBE-37F1-4810-9E3A-18F22F8A9270}.Ad-Hoc|iPhoneSimulator.ActiveCfg = Release|x86
		{34EC2FBE-37F1-4810-9E3A-18F22F8A9270}.Ad-Hoc|iPhoneSimulator.Build.0 = Release|x86
		{34EC2FBE-37F1-4810-9E3A-18F22F8A9270}.Ad-Hoc|iPhoneSimulator.Deploy.0 = Release|x86
		{34EC2FBE-37F1-4810-9E3A-18F22F8A9270}.Ad-Hoc|x64.ActiveCfg = Release|x64
		{34EC2FBE-37F1-4810-9E3A-18F22F8A9270}.Ad-Hoc|x64.Build.0 = Release|x64
		{34EC2FBE-37F1-4810-9E3A-18F22F8A9270}.Ad-Hoc|x64.Deploy.0 = Release|x64
		{34EC2FBE-37F1-4810-9E3A-18F22F8A9270}.Ad-Hoc|x86.ActiveCfg = Release|x86
		{34EC2FBE-37F1-4810-9E3A-18F22F8A9270}.Ad-Hoc|x86.Build.0 = Release|x86
		{34EC2FBE-37F1-4810-9E3A-18F22F8A9270}.Ad-Hoc|x86.Deploy.0 = Release|x86
		{34EC2FBE-37F1-4810-9E3A-18F22F8A9270}.AppStore|Any CPU.ActiveCfg = Release|x86
		{34EC2FBE-37F1-4810-9E3A-18F22F8A9270}.AppStore|Any CPU.Build.0 = Release|x86
		{34EC2FBE-37F1-4810-9E3A-18F22F8A9270}.AppStore|Any CPU.Deploy.0 = Release|x86
		{34EC2FBE-37F1-4810-9E3A-18F22F8A9270}.AppStore|ARM.ActiveCfg = Release|ARM
		{34EC2FBE-37F1-4810-9E3A-18F22F8A9270}.AppStore|ARM.Build.0 = Release|ARM
		{34EC2FBE-37F1-4810-9E3A-18F22F8A9270}.AppStore|ARM.Deploy.0 = Release|ARM
		{34EC2FBE-37F1-4810-9E3A-18F22F8A9270}.AppStore|iPhone.ActiveCfg = Release|x86
		{34EC2FBE-37F1-4810-9E3A-18F22F8A9270}.AppStore|iPhone.Build.0 = Release|x86
		{34EC2FBE-37F1-4810-9E3A-18F22F8A9270}.AppStore|iPhone.Deploy.0 = Release|x86
		{34EC2FBE-37F1-4810-9E3A-18F22F8A9270}.AppStore|iPhoneSimulator.ActiveCfg = Release|x86
		{34EC2FBE-37F1-4810-9E3A-18F22F8A9270}.AppStore|iPhoneSimulator.Build.0 = Release|x86
		{34EC2FBE-37F1-4810-9E3A-18F22F8A9270}.AppStore|iPhoneSimulator.Deploy.0 = Release|x86
		{34EC2FBE-37F1-4810-9E3A-18F22F8A9270}.AppStore|x64.ActiveCfg = Release|x64
		{34EC2FBE-37F1-4810-9E3A-18F22F8A9270}.AppStore|x64.Build.0 = Release|x64
		{34EC2FBE-37F1-4810-9E3A-18F22F8A9270}.AppStore|x64.Deploy.0 = Release|x64
		{34EC2FBE-37F1-4810-9E3A-18F22F8A9270}.AppStore|x86.ActiveCfg = Release|x86
		{34EC2FBE-37F1-4810-9E3A-18F22F8A9270}.AppStore|x86.Build.0 = Release|x86
		{34EC2FBE-37F1-4810-9E3A-18F22F8A9270}.AppStore|x86.Deploy.0 = Release|x86
		{34EC2FBE-37F1-4810-9E3A-18F22F8A9270}.Debug|Any CPU.ActiveCfg = Debug|x86
		{34EC2FBE-37F1-4810-9E3A-18F22F8A9270}.Debug|Any CPU.Build.0 = Debug|x86
		{34EC2FBE-37F1-4810-9E3A-18F22F8A9270}.Debug|Any CPU.Deploy.0 = Debug|x86
		{34EC2FBE-37F1-4810-9E3A-18F22F8A9270}.Debug|ARM.ActiveCfg = Debug|ARM
		{34EC2FBE-37F1-4810-9E3A-18F22F8A9270}.Debug|ARM.Build.0 = Debug|ARM
		{34EC2FBE-37F1-4810-9E3A-18F22F8A9270}.Debug|ARM.Deploy.0 = Debug|ARM
		{34EC2FBE-37F1-4810-9E3A-18F22F8A9270}.Debug|iPhone.ActiveCfg = Debug|x86
		{34EC2FBE-37F1-4810-9E3A-18F22F8A9270}.Debug|iPhone.Build.0 = Debug|x86
		{34EC2FBE-37F1-4810-9E3A-18F22F8A9270}.Debug|iPhone.Deploy.0 = Debug|x86
		{34EC2FBE-37F1-4810-9E3A-18F22F8A9270}.Debug|iPhoneSimulator.ActiveCfg = Debug|x86
		{34EC2FBE-37F1-4810-9E3A-18F22F8A9270}.Debug|iPhoneSimulator.Build.0 = Debug|x86
		{34EC2FBE-37F1-4810-9E3A-18F22F8A9270}.Debug|iPhoneSimulator.Deploy.0 = Debug|x86
		{34EC2FBE-37F1-4810-9E3A-18F22F8A9270}.Debug|x64.ActiveCfg = Debug|x64
		{34EC2FBE-37F1-4810-9E3A-18F22F8A9270}.Debug|x64.Build.0 = Debug|x64
		{34EC2FBE-37F1-4810-9E3A-18F22F8A9270}.Debug|x64.Deploy.0 = Debug|x64
		{34EC2FBE-37F1-4810-9E3A-18F22F8A9270}.Debug|x86.ActiveCfg = Debug|x86
		{34EC2FBE-37F1-4810-9E3A-18F22F8A9270}.Debug|x86.Build.0 = Debug|x86
		{34EC2FBE-37F1-4810-9E3A-18F22F8A9270}.Debug|x86.Deploy.0 = Debug|x86
		{34EC2FBE-37F1-4810-9E3A-18F22F8A9270}.Release|Any CPU.ActiveCfg = Release|x86
		{34EC2FBE-37F1-4810-9E3A-18F22F8A9270}.Release|Any CPU.Build.0 = Release|x86
		{34EC2FBE-37F1-4810-9E3A-18F22F8A9270}.Release|Any CPU.Deploy.0 = Release|x86
		{34EC2FBE-37F1-4810-9E3A-18F22F8A9270}.Release|ARM.ActiveCfg = Release|ARM
		{34EC2FBE-37F1-4810-9E3A-18F22F8A9270}.Release|ARM.Build.0 = Release|ARM
		{34EC2FBE-37F1-4810-9E3A-18F22F8A9270}.Release|ARM.Deploy.0 = Release|ARM
		{34EC2FBE-37F1-4810-9E3A-18F22F8A9270}.Release|iPhone.ActiveCfg = Release|x86
		{34EC2FBE-37F1-4810-9E3A-18F22F8A9270}.Release|iPhone.Build.0 = Release|x86
		{34EC2FBE-37F1-4810-9E3A-18F22F8A9270}.Release|iPhone.Deploy.0 = Release|x86
		{34EC2FBE-37F1-4810-9E3A-18F22F8A9270}.Release|iPhoneSimulator.ActiveCfg = Release|x86
		{34EC2FBE-37F1-4810-9E3A-18F22F8A9270}.Release|iPhoneSimulator.Build.0 = Release|x86
		{34EC2FBE-37F1-4810-9E3A-18F22F8A9270}.Release|iPhoneSimulator.Deploy.0 = Release|x86
		{34EC2FBE-37F1-4810-9E3A-18F22F8A9270}.Release|x64.ActiveCfg = Release|x64
		{34EC2FBE-37F1-4810-9E3A-18F22F8A9270}.Release|x64.Build.0 = Release|x64
		{34EC2FBE-37F1-4810-9E3A-18F22F8A9270}.Release|x64.Deploy.0 = Release|x64
		{34EC2FBE-37F1-4810-9E3A-18F22F8A9270}.Release|x86.ActiveCfg = Release|x86
		{34EC2FBE-37F1-4810-9E3A-18F22F8A9270}.Release|x86.Build.0 = Release|x86
		{34EC2FBE-37F1-4810-9E3A-18F22F8A9270}.Release|x86.Deploy.0 = Release|x86
		{916E7DBC-9282-4840-BD29-1C7A353DCC93}.Ad-Hoc|Any CPU.ActiveCfg = Debug|Any CPU
		{916E7DBC-9282-4840-BD29-1C7A353DCC93}.Ad-Hoc|Any CPU.Build.0 = Debug|Any CPU
		{916E7DBC-9282-4840-BD29-1C7A353DCC93}.Ad-Hoc|Any CPU.Deploy.0 = Debug|Any CPU
		{916E7DBC-9282-4840-BD29-1C7A353DCC93}.Ad-Hoc|ARM.ActiveCfg = Debug|Any CPU
		{916E7DBC-9282-4840-BD29-1C7A353DCC93}.Ad-Hoc|ARM.Build.0 = Debug|Any CPU
		{916E7DBC-9282-4840-BD29-1C7A353DCC93}.Ad-Hoc|ARM.Deploy.0 = Debug|Any CPU
		{916E7DBC-9282-4840-BD29-1C7A353DCC93}.Ad-Hoc|iPhone.ActiveCfg = Debug|Any CPU
		{916E7DBC-9282-4840-BD29-1C7A353DCC93}.Ad-Hoc|iPhone.Build.0 = Debug|Any CPU
		{916E7DBC-9282-4840-BD29-1C7A353DCC93}.Ad-Hoc|iPhone.Deploy.0 = Debug|Any CPU
		{916E7DBC-9282-4840-BD29-1C7A353DCC93}.Ad-Hoc|iPhoneSimulator.ActiveCfg = Debug|Any CPU
		{916E7DBC-9282-4840-BD29-1C7A353DCC93}.Ad-Hoc|iPhoneSimulator.Build.0 = Debug|Any CPU
		{916E7DBC-9282-4840-BD29-1C7A353DCC93}.Ad-Hoc|iPhoneSimulator.Deploy.0 = Debug|Any CPU
		{916E7DBC-9282-4840-BD29-1C7A353DCC93}.Ad-Hoc|x64.ActiveCfg = Debug|Any CPU
		{916E7DBC-9282-4840-BD29-1C7A353DCC93}.Ad-Hoc|x64.Build.0 = Debug|Any CPU
		{916E7DBC-9282-4840-BD29-1C7A353DCC93}.Ad-Hoc|x64.Deploy.0 = Debug|Any CPU
		{916E7DBC-9282-4840-BD29-1C7A353DCC93}.Ad-Hoc|x86.ActiveCfg = Debug|Any CPU
		{916E7DBC-9282-4840-BD29-1C7A353DCC93}.Ad-Hoc|x86.Build.0 = Debug|Any CPU
		{916E7DBC-9282-4840-BD29-1C7A353DCC93}.Ad-Hoc|x86.Deploy.0 = Debug|Any CPU
		{916E7DBC-9282-4840-BD29-1C7A353DCC93}.AppStore|Any CPU.ActiveCfg = Debug|Any CPU
		{916E7DBC-9282-4840-BD29-1C7A353DCC93}.AppStore|Any CPU.Build.0 = Debug|Any CPU
		{916E7DBC-9282-4840-BD29-1C7A353DCC93}.AppStore|Any CPU.Deploy.0 = Debug|Any CPU
		{916E7DBC-9282-4840-BD29-1C7A353DCC93}.AppStore|ARM.ActiveCfg = Debug|Any CPU
		{916E7DBC-9282-4840-BD29-1C7A353DCC93}.AppStore|ARM.Build.0 = Debug|Any CPU
		{916E7DBC-9282-4840-BD29-1C7A353DCC93}.AppStore|ARM.Deploy.0 = Debug|Any CPU
		{916E7DBC-9282-4840-BD29-1C7A353DCC93}.AppStore|iPhone.ActiveCfg = Debug|Any CPU
		{916E7DBC-9282-4840-BD29-1C7A353DCC93}.AppStore|iPhone.Build.0 = Debug|Any CPU
		{916E7DBC-9282-4840-BD29-1C7A353DCC93}.AppStore|iPhone.Deploy.0 = Debug|Any CPU
		{916E7DBC-9282-4840-BD29-1C7A353DCC93}.AppStore|iPhoneSimulator.ActiveCfg = Debug|Any CPU
		{916E7DBC-9282-4840-BD29-1C7A353DCC93}.AppStore|iPhoneSimulator.Build.0 = Debug|Any CPU
		{916E7DBC-9282-4840-BD29-1C7A353DCC93}.AppStore|iPhoneSimulator.Deploy.0 = Debug|Any CPU
		{916E7DBC-9282-4840-BD29-1C7A353DCC93}.AppStore|x64.ActiveCfg = Debug|Any CPU
		{916E7DBC-9282-4840-BD29-1C7A353DCC93}.AppStore|x64.Build.0 = Debug|Any CPU
		{916E7DBC-9282-4840-BD29-1C7A353DCC93}.AppStore|x64.Deploy.0 = Debug|Any CPU
		{916E7DBC-9282-4840-BD29-1C7A353DCC93}.AppStore|x86.ActiveCfg = Debug|Any CPU
		{916E7DBC-9282-4840-BD29-1C7A353DCC93}.AppStore|x86.Build.0 = Debug|Any CPU
		{916E7DBC-9282-4840-BD29-1C7A353DCC93}.AppStore|x86.Deploy.0 = Debug|Any CPU
		{916E7DBC-9282-4840-BD29-1C7A353DCC93}.Debug|Any CPU.ActiveCfg = Debug|Any CPU
		{916E7DBC-9282-4840-BD29-1C7A353DCC93}.Debug|Any CPU.Build.0 = Debug|Any CPU
		{916E7DBC-9282-4840-BD29-1C7A353DCC93}.Debug|Any CPU.Deploy.0 = Debug|Any CPU
		{916E7DBC-9282-4840-BD29-1C7A353DCC93}.Debug|ARM.ActiveCfg = Debug|Any CPU
		{916E7DBC-9282-4840-BD29-1C7A353DCC93}.Debug|ARM.Build.0 = Debug|Any CPU
		{916E7DBC-9282-4840-BD29-1C7A353DCC93}.Debug|ARM.Deploy.0 = Debug|Any CPU
		{916E7DBC-9282-4840-BD29-1C7A353DCC93}.Debug|iPhone.ActiveCfg = Debug|Any CPU
		{916E7DBC-9282-4840-BD29-1C7A353DCC93}.Debug|iPhone.Build.0 = Debug|Any CPU
		{916E7DBC-9282-4840-BD29-1C7A353DCC93}.Debug|iPhone.Deploy.0 = Debug|Any CPU
		{916E7DBC-9282-4840-BD29-1C7A353DCC93}.Debug|iPhoneSimulator.ActiveCfg = Debug|Any CPU
		{916E7DBC-9282-4840-BD29-1C7A353DCC93}.Debug|iPhoneSimulator.Build.0 = Debug|Any CPU
		{916E7DBC-9282-4840-BD29-1C7A353DCC93}.Debug|iPhoneSimulator.Deploy.0 = Debug|Any CPU
		{916E7DBC-9282-4840-BD29-1C7A353DCC93}.Debug|x64.ActiveCfg = Debug|Any CPU
		{916E7DBC-9282-4840-BD29-1C7A353DCC93}.Debug|x64.Build.0 = Debug|Any CPU
		{916E7DBC-9282-4840-BD29-1C7A353DCC93}.Debug|x64.Deploy.0 = Debug|Any CPU
		{916E7DBC-9282-4840-BD29-1C7A353DCC93}.Debug|x86.ActiveCfg = Debug|Any CPU
		{916E7DBC-9282-4840-BD29-1C7A353DCC93}.Debug|x86.Build.0 = Debug|Any CPU
		{916E7DBC-9282-4840-BD29-1C7A353DCC93}.Debug|x86.Deploy.0 = Debug|Any CPU
		{916E7DBC-9282-4840-BD29-1C7A353DCC93}.Release|Any CPU.ActiveCfg = Release|Any CPU
		{916E7DBC-9282-4840-BD29-1C7A353DCC93}.Release|Any CPU.Build.0 = Release|Any CPU
		{916E7DBC-9282-4840-BD29-1C7A353DCC93}.Release|Any CPU.Deploy.0 = Release|Any CPU
		{916E7DBC-9282-4840-BD29-1C7A353DCC93}.Release|ARM.ActiveCfg = Release|Any CPU
		{916E7DBC-9282-4840-BD29-1C7A353DCC93}.Release|ARM.Build.0 = Release|Any CPU
		{916E7DBC-9282-4840-BD29-1C7A353DCC93}.Release|ARM.Deploy.0 = Release|Any CPU
		{916E7DBC-9282-4840-BD29-1C7A353DCC93}.Release|iPhone.ActiveCfg = Release|Any CPU
		{916E7DBC-9282-4840-BD29-1C7A353DCC93}.Release|iPhone.Build.0 = Release|Any CPU
		{916E7DBC-9282-4840-BD29-1C7A353DCC93}.Release|iPhone.Deploy.0 = Release|Any CPU
		{916E7DBC-9282-4840-BD29-1C7A353DCC93}.Release|iPhoneSimulator.ActiveCfg = Release|Any CPU
		{916E7DBC-9282-4840-BD29-1C7A353DCC93}.Release|iPhoneSimulator.Build.0 = Release|Any CPU
		{916E7DBC-9282-4840-BD29-1C7A353DCC93}.Release|iPhoneSimulator.Deploy.0 = Release|Any CPU
		{916E7DBC-9282-4840-BD29-1C7A353DCC93}.Release|x64.ActiveCfg = Release|Any CPU
		{916E7DBC-9282-4840-BD29-1C7A353DCC93}.Release|x64.Build.0 = Release|Any CPU
		{916E7DBC-9282-4840-BD29-1C7A353DCC93}.Release|x64.Deploy.0 = Release|Any CPU
		{916E7DBC-9282-4840-BD29-1C7A353DCC93}.Release|x86.ActiveCfg = Release|Any CPU
		{916E7DBC-9282-4840-BD29-1C7A353DCC93}.Release|x86.Build.0 = Release|Any CPU
		{916E7DBC-9282-4840-BD29-1C7A353DCC93}.Release|x86.Deploy.0 = Release|Any CPU
	EndGlobalSection
	GlobalSection(SolutionProperties) = preSolution
		HideSolutionNode = FALSE
	EndGlobalSection
	GlobalSection(ExtensibilityGlobals) = postSolution
		SolutionGuid = {FDB5F385-1F81-4CC0-93B5-18E16A245168}
	EndGlobalSection
EndGlobal
